
Microsoft Visual Studio Solution File, Format Version 12.00
# Visual Studio 15
VisualStudioVersion = 15.0.26730.16
MinimumVisualStudioVersion = 10.0.40219.1
Project("{FAE04EC0-301F-11D3-BF4B-00C04F79EFBC}") = "BonusApp", "BonusApp\BonusApp.csproj", "{E168C171-C88F-4330-A1CC-A4ADE7BFCEB3}"
EndProject
Project("{FAE04EC0-301F-11D3-BF4B-00C04F79EFBC}") = "UnitTestProject", "UnitTestProject\UnitTestProject.csproj", "{F30D6CF5-8CC4-4873-A15C-7FB73F6805B0}"
EndProject
Global
	GlobalSection(SolutionConfigurationPlatforms) = preSolution
		Debug|Any CPU = Debug|Any CPU
		Release|Any CPU = Release|Any CPU
	EndGlobalSection
	GlobalSection(ProjectConfigurationPlatforms) = postSolution
		{E168C171-C88F-4330-A1CC-A4ADE7BFCEB3}.Debug|Any CPU.ActiveCfg = Debug|Any CPU
		{E168C171-C88F-4330-A1CC-A4ADE7BFCEB3}.Debug|Any CPU.Build.0 = Debug|Any CPU
		{E168C171-C88F-4330-A1CC-A4ADE7BFCEB3}.Release|Any CPU.ActiveCfg = Release|Any CPU
		{E168C171-C88F-4330-A1CC-A4ADE7BFCEB3}.Release|Any CPU.Build.0 = Release|Any CPU
		{F30D6CF5-8CC4-4873-A15C-7FB73F6805B0}.Debug|Any CPU.ActiveCfg = Debug|Any CPU
		{F30D6CF5-8CC4-4873-A15C-7FB73F6805B0}.Debug|Any CPU.Build.0 = Debug|Any CPU
		{F30D6CF5-8CC4-4873-A15C-7FB73F6805B0}.Release|Any CPU.ActiveCfg = Release|Any CPU
		{F30D6CF5-8CC4-4873-A15C-7FB73F6805B0}.Release|Any CPU.Build.0 = Release|Any CPU
	EndGlobalSection
	GlobalSection(SolutionProperties) = preSolution
		HideSolutionNode = FALSE
	EndGlobalSection
	GlobalSection(ExtensibilityGlobals) = postSolution
		SolutionGuid = {ED757ADF-DA7C-4411-885F-19309259B402}
	EndGlobalSection
EndGlobal
